
Microsoft Visual Studio Solution File, Format Version 12.00
# Visual Studio Version 16
VisualStudioVersion = 16.0.30309.148
MinimumVisualStudioVersion = 10.0.40219.1
Project("{FAE04EC0-301F-11D3-BF4B-00C04F79EFBC}") = "EGS_Test", "EGS_Test\EGS_Test.csproj", "{15FCCF7B-C64B-4676-BE46-CD9FBA9E465A}"
EndProject
Global
	GlobalSection(SolutionConfigurationPlatforms) = preSolution
		Debug|Any CPU = Debug|Any CPU
		Release|Any CPU = Release|Any CPU
	EndGlobalSection
	GlobalSection(ProjectConfigurationPlatforms) = postSolution
		{15FCCF7B-C64B-4676-BE46-CD9FBA9E465A}.Debug|Any CPU.ActiveCfg = Debug|Any CPU
		{15FCCF7B-C64B-4676-BE46-CD9FBA9E465A}.Debug|Any CPU.Build.0 = Debug|Any CPU
		{15FCCF7B-C64B-4676-BE46-CD9FBA9E465A}.Release|Any CPU.ActiveCfg = Release|Any CPU
		{15FCCF7B-C64B-4676-BE46-CD9FBA9E465A}.Release|Any CPU.Build.0 = Release|Any CPU
	EndGlobalSection
	GlobalSection(SolutionProperties) = preSolution
		HideSolutionNode = FALSE
	EndGlobalSection
	GlobalSection(ExtensibilityGlobals) = postSolution
		SolutionGuid = {5B5B111F-6CE1-429A-B108-72A081B9C662}
	EndGlobalSection
EndGlobal
